
Microsoft Visual Studio Solution File, Format Version 11.00
# Visual Studio 2010
Project("{FAE04EC0-301F-11D3-BF4B-00C04F79EFBC}") = "AGameFramework", "AGameFramework\AGameFramework\AGameFramework.csproj", "{370A6A91-CAFE-4B20-939B-72F48CF2103F}"
EndProject
Project("{96E2B04D-8817-42C6-938A-82C39BA4D311}") = "AGameFrameworkContent", "AGameFramework\AGameFrameworkContent\AGameFrameworkContent.contentproj", "{F7E69C99-2F51-461D-BE9F-635E9E782B0F}"
EndProject
Global
	GlobalSection(SolutionConfigurationPlatforms) = preSolution
		Debug|x86 = Debug|x86
		Release|x86 = Release|x86
	EndGlobalSection
	GlobalSection(ProjectConfigurationPlatforms) = postSolution
		{370A6A91-CAFE-4B20-939B-72F48CF2103F}.Debug|x86.ActiveCfg = Debug|x86
		{370A6A91-CAFE-4B20-939B-72F48CF2103F}.Debug|x86.Build.0 = Debug|x86
		{370A6A91-CAFE-4B20-939B-72F48CF2103F}.Release|x86.ActiveCfg = Release|x86
		{370A6A91-CAFE-4B20-939B-72F48CF2103F}.Release|x86.Build.0 = Release|x86
		{F7E69C99-2F51-461D-BE9F-635E9E782B0F}.Debug|x86.ActiveCfg = Debug|x86
		{F7E69C99-2F51-461D-BE9F-635E9E782B0F}.Release|x86.ActiveCfg = Release|x86
	EndGlobalSection
	GlobalSection(SolutionProperties) = preSolution
		HideSolutionNode = FALSE
	EndGlobalSection
EndGlobal
